PackratFormat: 1.4
PackratVersion: 0.4.3
RVersion: 3.2.2
Repos: CRAN=https://cran.rstudio.com/

Package: BH
Source: CRAN
Version: 1.58.0-1
Hash: 4f6db3b5311bb006f536a2e67278d058

Package: R6
Source: CRAN
Version: 2.1.1
Hash: 20a88b2c9c84aecff2702789a4d102f5

Package: Rcpp
Source: CRAN
Version: 0.12.0
Hash: 9cad2f0525579d98b5ec2536febaf0da

Package: RcppArmadillo
Source: CRAN
Version: 0.5.400.2.0
Hash: 7584b3722d0057392211c8b207206b64
Requires: Rcpp

Package: ape
Source: CRAN
Version: 3.3
Hash: 7a1f5add39f0c6209dd3782c8222d07a

Package: assertthat
Source: CRAN
Version: 0.1
Hash: 0afb92b59b02593c70ff8046700ba9d3

Package: bitops
Source: CRAN
Version: 1.0-6
Hash: 67d0775189fd0041d95abca618c5c07e

Package: brew
Source: CRAN
Version: 1.0-6
Hash: 931f9972deae0f205e1c78a51f33149b

Package: caTools
Source: CRAN
Version: 1.17.1
Hash: 97cb6f6293cd18d17df77a6383cc6763
Requires: bitops

Package: coala
Source: CRAN
Version: 0.1.1
Hash: 601c1354a71935cfb5611fd234bda988
Requires: R6, Rcpp, assertthat, RcppArmadillo, scrm, rehh

Package: codetools
Source: CRAN
Version: 0.2-14
Hash: ce8adca31e4280b6ba1760a89d859ee5

Package: curl
Source: CRAN
Version: 0.9.2
Hash: 3a65388ecdf91db2721031499fa7fbc8

Package: devtools
Source: CRAN
Version: 1.8.0
Hash: 908d926757f793f385049f4f140e7313
Requires: curl, digest, git2r, jsonlite, rstudioapi, whisker, memoise,
    rversions, evaluate, httr, roxygen2

Package: digest
Source: CRAN
Version: 0.6.8
Hash: de202f956596a476d09304e3a2ebf1e5

Package: doMC
Source: CRAN
Version: 1.3.3
Hash: adbf3aca4287281a21ec4afbf023b38e
Requires: iterators, foreach

Package: evaluate
Source: CRAN
Version: 0.7.2
Hash: b659556abe45f9a377207945b95857e1
Requires: stringr

Package: foreach
Source: CRAN
Version: 1.4.2
Hash: c306afbbf5cc2608170bc7205bf58bea
Requires: iterators

Package: gdata
Source: CRAN
Version: 2.17.0
Hash: e7d520c2a9597b303f54499e3bd90644
Requires: gtools

Package: git2r
Source: CRAN
Version: 0.11.0
Hash: 40e87f1c9cff181fe741a80646d081a5

Package: gplots
Source: CRAN
Version: 2.17.0
Hash: ea8a8c502ae5e82f9978ddb93eb7cbd9
Requires: gtools, caTools, gdata

Package: gtools
Source: CRAN
Version: 3.5.0
Hash: 471b2e2452dfb30fdc1dd6f1b567925a

Package: httr
Source: CRAN
Version: 1.0.0
Hash: 165c156aaf69073f9a1f8a4211c626d9
Requires: R6, curl, digest, jsonlite, mime, stringr

Package: iterators
Source: CRAN
Version: 1.0.7
Hash: 5b4df529141f993389b8fb24d56fe531

Package: jaatha
Source: github
Version: 2.99.0.9213
Hash: c2020bd345f960e902f6c297624da1f3
Requires: R6, assertthat, reshape2
GithubRepo: jaatha
GithubUsername: statgenlmu
GithubRef: feature/ignore_outer_block
GithubSha1: cb9da5fde14873ed979b0b90354abc2b3e31fce9

Package: jsonlite
Source: CRAN
Version: 0.9.16
Hash: 24d362a166a96ac1969e64ede522c717

Package: magrittr
Source: CRAN
Version: 1.5
Hash: bdc4d48c3135e8f3b399536ddf160df4

Package: memoise
Source: CRAN
Version: 0.2.1
Hash: 812e6a1dd77a0ca4da41f3239de8e447
Requires: digest

Package: mime
Source: CRAN
Version: 0.3
Hash: 629133973445ad75e5438a2bb6b05c17

Package: packrat
Source: CRAN
Version: 0.4.3
Hash: 16c72d5c802629fae5a4abca901e0199

Package: phyclust
Source: CRAN
Version: 0.1-15
Hash: e59c18b0eff2d9fae3b34a4c184b3607
Requires: ape

Package: plyr
Source: CRAN
Version: 1.8.3
Hash: 244dc84caf66006e7424b8001b2b9c99
Requires: Rcpp

Package: rehh
Source: CRAN
Version: 1.13
Hash: 05a99fe0fe0849dfa32ea567c50f669d
Requires: gplots

Package: reshape2
Source: CRAN
Version: 1.4.1
Hash: 3131569136fc8988dd84ef57c9c28d5c
Requires: Rcpp, plyr, stringr

Package: roxygen2
Source: CRAN
Version: 4.1.1
Hash: 5dce64dda925a35cbbf1c1072dc1eed7
Requires: Rcpp, brew, digest, stringi, stringr

Package: rstudioapi
Source: CRAN
Version: 0.3.1
Hash: 88eea830c60277b858ce9334041b08bb

Package: rversions
Source: CRAN
Version: 1.0.2
Hash: c006a9eaa80a091dcd87bb4003887b12
Requires: curl, xml2

Package: scrm
Source: CRAN
Version: 1.6.0-2
Hash: e1a7de80326acbd4251becc2abd3c333
Requires: Rcpp

Package: stringi
Source: CRAN
Version: 0.5-5
Hash: e7c67668a472e26e0c95bc8fa9049198

Package: stringr
Source: CRAN
Version: 1.0.0
Hash: 2676dd5f88890910962b733b0f9540e1
Requires: magrittr, stringi

Package: testJaatha
Source: github
Version: 0.2.1
Hash: 2e0289cd0f7f6e9025b08b6f0a55acf3
Requires: foreach, doMC, evaluate, jaatha, coala
GithubRepo: jaatha-benchmark-package
GithubUsername: paulstaab
GithubRef: master
GithubSha1: cb018aa4be06cfcd43318a16404726c1e6e38a43

Package: whisker
Source: CRAN
Version: 0.3-2
Hash: 803d662762e532705c2c066a82d066e7

Package: xml2
Source: CRAN
Version: 0.1.1
Hash: 020898e8e339f4f68a1e94b0ec28b518
Requires: BH, Rcpp
